
Microsoft Visual Studio Solution File, Format Version 12.00
# Visual Studio 15
Project("{FAE04EC0-301F-11D3-BF4B-00C04F79EFBC}") = "TestProj1", "TestProj1.csproj", "{E30770A7-59AE-37F8-71F0-E2813AC10ADE}"
EndProject
Global
	GlobalSection(SolutionConfigurationPlatforms) = preSolution
		Debug|Any CPU = Debug|Any CPU
		Release|Any CPU = Release|Any CPU
	EndGlobalSection
	GlobalSection(ProjectConfigurationPlatforms) = postSolution
		{E30770A7-59AE-37F8-71F0-E2813AC10ADE}.Debug|Any CPU.ActiveCfg = Debug|Any CPU
		{E30770A7-59AE-37F8-71F0-E2813AC10ADE}.Debug|Any CPU.Build.0 = Debug|Any CPU
		{E30770A7-59AE-37F8-71F0-E2813AC10ADE}.Release|Any CPU.ActiveCfg = Release|Any CPU
		{E30770A7-59AE-37F8-71F0-E2813AC10ADE}.Release|Any CPU.Build.0 = Release|Any CPU
	EndGlobalSection
	GlobalSection(SolutionProperties) = preSolution
		HideSolutionNode = FALSE
	EndGlobalSection
EndGlobal
